{
    "_readme": [
        "This file locks the dependencies of your project to a known state",
        "Read more about it at https://getcomposer.org/doc/01-basic-usage.md#installing-dependencies",
        "This file is @generated automatically"
    ],
    "content-hash": "2e762e94e1f792afd5e10f78961e2935",
    "packages": [],
    "packages-dev": [
        {
            "name": "andyabih/laravel-to-uml",
            "version": "1.0.3",
            "source": {
                "type": "git",
                "url": "https://github.com/andyabih/laravel-to-uml.git",
                "reference": "d925215a7dbcaf813cabc8d83178e9f601c63b57"
            },
            "dist": {
                "type": "zip",
                "url": "https://api.github.com/repos/andyabih/laravel-to-uml/zipball/d925215a7dbcaf813cabc8d83178e9f601c63b57",
                "reference": "d925215a7dbcaf813cabc8d83178e9f601c63b57",
                "shasum": ""
            },
            "require-dev": {
                "orchestra/testbench": "6.0"
            },
            "type": "library",
            "extra": {
                "laravel": {
                    "providers": [
                        "Andyabih\\LaravelToUML\\LaravelToUMLServiceProvider"
                    ],
                    "aliases": {
                        "LaravelToUML": "Andyabih\\LaravelToUML\\Facades\\LaravelToUML"
                    }
                }
            },
            "autoload": {
                "psr-4": {
                    "Andyabih\\LaravelToUML\\": "src"
                }
            },
            "notification-url": "https://packagist.org/downloads/",
            "license": [
                "MIT"
            ],
            "authors": [
                {
                    "name": "Andy Abi Haidar",
                    "email": "andy@yllw.com"
                }
            ],
            "description": "Automagically generate UML diagrams of your Laravel code.",
            "support": {
                "issues": "https://github.com/andyabih/laravel-to-uml/issues",
                "source": "https://github.com/andyabih/laravel-to-uml/tree/1.0.3"
            },
            "time": "2021-04-07T07:32:11+00:00"
        }
    ],
    "aliases": [],
    "minimum-stability": "stable",
    "stability-flags": [],
    "prefer-stable": false,
    "prefer-lowest": false,
    "platform": [],
    "platform-dev": [],
    "plugin-api-version": "2.3.0"
}
